
Microsoft Visual Studio Solution File, Format Version 12.00
# Visual Studio Version 16
VisualStudioVersion = 16.0.29709.97
MinimumVisualStudioVersion = 10.0.40219.1
Project("{888888A0-9F3D-457C-B088-3A5042F75D52}") = "PythonAI_2", "PythonAI_2.pyproj", "{BC989F17-4DDC-425F-926A-A8CCF3EB762B}"
EndProject
Global
	GlobalSection(SolutionConfigurationPlatforms) = preSolution
		Debug|Any CPU = Debug|Any CPU
		Release|Any CPU = Release|Any CPU
	EndGlobalSection
	GlobalSection(ProjectConfigurationPlatforms) = postSolution
		{BC989F17-4DDC-425F-926A-A8CCF3EB762B}.Debug|Any CPU.ActiveCfg = Debug|Any CPU
		{BC989F17-4DDC-425F-926A-A8CCF3EB762B}.Release|Any CPU.ActiveCfg = Release|Any CPU
	EndGlobalSection
	GlobalSection(SolutionProperties) = preSolution
		HideSolutionNode = FALSE
	EndGlobalSection
	GlobalSection(ExtensibilityGlobals) = postSolution
		SolutionGuid = {C327AE67-4521-4B2D-BDE9-2C583E816C57}
	EndGlobalSection
EndGlobal
